// !$*UTF8*$!
{
	archiveVersion = 1;
	classes = {
	};
	objectVersion = 56;
	objects = {

/* Begin PBXBuildFile section */
		87533D392C027C2300363E60 /* MobisFrontendApp.swift in Sources */ = {isa = PBXBuildFile; fileRef = 87533D382C027C2300363E60 /* MobisFrontendApp.swift */; };
		87533D3B2C027C2300363E60 /* ContentView.swift in Sources */ = {isa = PBXBuildFile; fileRef = 87533D3A2C027C2300363E60 /* ContentView.swift */; };
		87533D3D2C027C2600363E60 /* Assets.xcassets in Resources */ = {isa = PBXBuildFile; fileRef = 87533D3C2C027C2600363E60 /* Assets.xcassets */; };
		87533D402C027C2600363E60 /* Preview Assets.xcassets in Resources */ = {isa = PBXBuildFile; fileRef = 87533D3F2C027C2600363E60 /* Preview Assets.xcassets */; };
		87533D4A2C027C2600363E60 /* MobisFrontendTests.swift in Sources */ = {isa = PBXBuildFile; fileRef = 87533D492C027C2600363E60 /* MobisFrontendTests.swift */; };
		87533D542C027C2600363E60 /* MobisFrontendUITests.swift in Sources */ = {isa = PBXBuildFile; fileRef = 87533D532C027C2600363E60 /* MobisFrontendUITests.swift */; };
		87533D562C027C2600363E60 /* MobisFrontendUITestsLaunchTests.swift in Sources */ = {isa = PBXBuildFile; fileRef = 87533D552C027C2600363E60 /* MobisFrontendUITestsLaunchTests.swift */; };
		8753A0842C02855700E143AF /* Leaderboard.swift in Sources */ = {isa = PBXBuildFile; fileRef = 8753A0832C02855700E143AF /* Leaderboard.swift */; };
		8753A0862C0285A400E143AF /* SignUpPage.swift in Sources */ = {isa = PBXBuildFile; fileRef = 8753A0852C0285A400E143AF /* SignUpPage.swift */; };
		87F1EAB02C02872200228378 /* Profile.swift in Sources */ = {isa = PBXBuildFile; fileRef = 87F1EAAF2C02872200228378 /* Profile.swift */; };
		87F1EAB22C02873B00228378 /* Feed.swift in Sources */ = {isa = PBXBuildFile; fileRef = 87F1EAB12C02873B00228378 /* Feed.swift */; };
		87F1EAB42C02877900228378 /* LogInPage.swift in Sources */ = {isa = PBXBuildFile; fileRef = 87F1EAB32C02877900228378 /* LogInPage.swift */; };
		87F1EAB62C0287A900228378 /* Landing.swift in Sources */ = {isa = PBXBuildFile; fileRef = 87F1EAB52C0287A900228378 /* Landing.swift */; };
		87F1EAB82C02956900228378 /* HealthManager.swift in Sources */ = {isa = PBXBuildFile; fileRef = 87F1EAB72C02956900228378 /* HealthManager.swift */; };
		87F1EABA2C029EA200228378 /* Settings.swift in Sources */ = {isa = PBXBuildFile; fileRef = 87F1EAB92C029EA200228378 /* Settings.swift */; };
		87F1EABD2C02B67200228378 /* BlockComponent.swift in Sources */ = {isa = PBXBuildFile; fileRef = 87F1EABC2C02B67200228378 /* BlockComponent.swift */; };
		87F1EABF2C02B88500228378 /* BlockComponentWrapper.swift in Sources */ = {isa = PBXBuildFile; fileRef = 87F1EABE2C02B88400228378 /* BlockComponentWrapper.swift */; };
		8DC1431A3F03AB1A40635DD6 /* Pods_MobisFrontend_MobisFrontendUITests.framework in Frameworks */ = {isa = PBXBuildFile; fileRef = B7E22392C8A5ABEA220498D2 /* Pods_MobisFrontend_MobisFrontendUITests.framework */; };
		A63B005A7329C6AE78FD618B /* Pods_MobisFrontend.framework in Frameworks */ = {isa = PBXBuildFile; fileRef = AF319241BB036A0A4B1F4D8C /* Pods_MobisFrontend.framework */; };
		C1520BA0F8047B5796A0A20F /* Pods_MobisFrontendTests.framework in Frameworks */ = {isa = PBXBuildFile; fileRef = 2548EC348AFC8B08DF34F68F /* Pods_MobisFrontendTests.framework */; };
/* End PBXBuildFile section */

/* Begin PBXContainerItemProxy section */
		87533D462C027C2600363E60 /* PBXContainerItemProxy */ = {
			isa = PBXContainerItemProxy;
			containerPortal = 87533D2D2C027C2300363E60 /* Project object */;
			proxyType = 1;
			remoteGlobalIDString = 87533D342C027C2300363E60;
			remoteInfo = MobisFrontend;
		};
		87533D502C027C2600363E60 /* PBXContainerItemProxy */ = {
			isa = PBXContainerItemProxy;
			containerPortal = 87533D2D2C027C2300363E60 /* Project object */;
			proxyType = 1;
			remoteGlobalIDString = 87533D342C027C2300363E60;
			remoteInfo = MobisFrontend;
		};
/* End PBXContainerItemProxy section */

/* Begin PBXFileReference section */
		2548EC348AFC8B08DF34F68F /* Pods_MobisFrontendTests.framework */ = {isa = PBXFileReference; explicitFileType = wrapper.framework; includeInIndex = 0; path = Pods_MobisFrontendTests.framework; sourceTree = BUILT_PRODUCTS_DIR; };
		87533D352C027C2300363E60 /* MobisFrontend.app */ = {isa = PBXFileReference; explicitFileType = wrapper.application; includeInIndex = 0; path = MobisFrontend.app; sourceTree = BUILT_PRODUCTS_DIR; };
		87533D382C027C2300363E60 /* MobisFrontendApp.swift */ = {isa = PBXFileReference; lastKnownFileType = sourcecode.swift; path = MobisFrontendApp.swift; sourceTree = "<group>"; };
		87533D3A2C027C2300363E60 /* ContentView.swift */ = {isa = PBXFileReference; lastKnownFileType = sourcecode.swift; path = ContentView.swift; sourceTree = "<group>"; };
		87533D3C2C027C2600363E60 /* Assets.xcassets */ = {isa = PBXFileReference; lastKnownFileType = folder.assetcatalog; path = Assets.xcassets; sourceTree = "<group>"; };
		87533D3F2C027C2600363E60 /* Preview Assets.xcassets */ = {isa = PBXFileReference; lastKnownFileType = folder.assetcatalog; path = "Preview Assets.xcassets"; sourceTree = "<group>"; };
		87533D452C027C2600363E60 /* MobisFrontendTests.xctest */ = {isa = PBXFileReference; explicitFileType = wrapper.cfbundle; includeInIndex = 0; path = MobisFrontendTests.xctest; sourceTree = BUILT_PRODUCTS_DIR; };
		87533D492C027C2600363E60 /* MobisFrontendTests.swift */ = {isa = PBXFileReference; lastKnownFileType = sourcecode.swift; path = MobisFrontendTests.swift; sourceTree = "<group>"; };
		87533D4F2C027C2600363E60 /* MobisFrontendUITests.xctest */ = {isa = PBXFileReference; explicitFileType = wrapper.cfbundle; includeInIndex = 0; path = MobisFrontendUITests.xctest; sourceTree = BUILT_PRODUCTS_DIR; };
		87533D532C027C2600363E60 /* MobisFrontendUITests.swift */ = {isa = PBXFileReference; lastKnownFileType = sourcecode.swift; path = MobisFrontendUITests.swift; sourceTree = "<group>"; };
		87533D552C027C2600363E60 /* MobisFrontendUITestsLaunchTests.swift */ = {isa = PBXFileReference; lastKnownFileType = sourcecode.swift; path = MobisFrontendUITestsLaunchTests.swift; sourceTree = "<group>"; };
		8753A0832C02855700E143AF /* Leaderboard.swift */ = {isa = PBXFileReference; lastKnownFileType = sourcecode.swift; path = Leaderboard.swift; sourceTree = "<group>"; };
		8753A0852C0285A400E143AF /* SignUpPage.swift */ = {isa = PBXFileReference; lastKnownFileType = sourcecode.swift; path = SignUpPage.swift; sourceTree = "<group>"; };
		87F1EAAF2C02872200228378 /* Profile.swift */ = {isa = PBXFileReference; lastKnownFileType = sourcecode.swift; path = Profile.swift; sourceTree = "<group>"; };
		87F1EAB12C02873B00228378 /* Feed.swift */ = {isa = PBXFileReference; lastKnownFileType = sourcecode.swift; path = Feed.swift; sourceTree = "<group>"; };
		87F1EAB32C02877900228378 /* LogInPage.swift */ = {isa = PBXFileReference; lastKnownFileType = sourcecode.swift; path = LogInPage.swift; sourceTree = "<group>"; };
		87F1EAB52C0287A900228378 /* Landing.swift */ = {isa = PBXFileReference; lastKnownFileType = sourcecode.swift; path = Landing.swift; sourceTree = "<group>"; };
		87F1EAB72C02956900228378 /* HealthManager.swift */ = {isa = PBXFileReference; lastKnownFileType = sourcecode.swift; path = HealthManager.swift; sourceTree = "<group>"; };
		87F1EAB92C029EA200228378 /* Settings.swift */ = {isa = PBXFileReference; lastKnownFileType = sourcecode.swift; path = Settings.swift; sourceTree = "<group>"; };
		87F1EABB2C02AE5000228378 /* MobisFrontend.entitlements */ = {isa = PBXFileReference; lastKnownFileType = text.plist.entitlements; path = MobisFrontend.entitlements; sourceTree = "<group>"; };
		87F1EABC2C02B67200228378 /* BlockComponent.swift */ = {isa = PBXFileReference; lastKnownFileType = sourcecode.swift; path = BlockComponent.swift; sourceTree = "<group>"; };
		87F1EABE2C02B88400228378 /* BlockComponentWrapper.swift */ = {isa = PBXFileReference; lastKnownFileType = sourcecode.swift; path = BlockComponentWrapper.swift; sourceTree = "<group>"; };
		91D2F94CADEF1DF0AE343CA1 /* Pods-MobisFrontendTests.release.xcconfig */ = {isa = PBXFileReference; includeInIndex = 1; lastKnownFileType = text.xcconfig; name = "Pods-MobisFrontendTests.release.xcconfig"; path = "Target Support Files/Pods-MobisFrontendTests/Pods-MobisFrontendTests.release.xcconfig"; sourceTree = "<group>"; };
		A007692AE3F88DDD07AF1B13 /* Pods-MobisFrontend.release.xcconfig */ = {isa = PBXFileReference; includeInIndex = 1; lastKnownFileType = text.xcconfig; name = "Pods-MobisFrontend.release.xcconfig"; path = "Target Support Files/Pods-MobisFrontend/Pods-MobisFrontend.release.xcconfig"; sourceTree = "<group>"; };
		AF319241BB036A0A4B1F4D8C /* Pods_MobisFrontend.framework */ = {isa = PBXFileReference; explicitFileType = wrapper.framework; includeInIndex = 0; path = Pods_MobisFrontend.framework; sourceTree = BUILT_PRODUCTS_DIR; };
		B7E22392C8A5ABEA220498D2 /* Pods_MobisFrontend_MobisFrontendUITests.framework */ = {isa = PBXFileReference; explicitFileType = wrapper.framework; includeInIndex = 0; path = Pods_MobisFrontend_MobisFrontendUITests.framework; sourceTree = BUILT_PRODUCTS_DIR; };
		B8E30AA3DFE59D8DDA27FBC9 /* Pods-MobisFrontend-MobisFrontendUITests.debug.xcconfig */ = {isa = PBXFileReference; includeInIndex = 1; lastKnownFileType = text.xcconfig; name = "Pods-MobisFrontend-MobisFrontendUITests.debug.xcconfig"; path = "Target Support Files/Pods-MobisFrontend-MobisFrontendUITests/Pods-MobisFrontend-MobisFrontendUITests.debug.xcconfig"; sourceTree = "<group>"; };
		B9D7618B18F997C0CEE3BD65 /* Pods-MobisFrontend.debug.xcconfig */ = {isa = PBXFileReference; includeInIndex = 1; lastKnownFileType = text.xcconfig; name = "Pods-MobisFrontend.debug.xcconfig"; path = "Target Support Files/Pods-MobisFrontend/Pods-MobisFrontend.debug.xcconfig"; sourceTree = "<group>"; };
		BB966C6D51C7BFFBCAEA4FD2 /* Pods-MobisFrontend-MobisFrontendUITests.release.xcconfig */ = {isa = PBXFileReference; includeInIndex = 1; lastKnownFileType = text.xcconfig; name = "Pods-MobisFrontend-MobisFrontendUITests.release.xcconfig"; path = "Target Support Files/Pods-MobisFrontend-MobisFrontendUITests/Pods-MobisFrontend-MobisFrontendUITests.release.xcconfig"; sourceTree = "<group>"; };
		FBCB45523B6032678151F30B /* Pods-MobisFrontendTests.debug.xcconfig */ = {isa = PBXFileReference; includeInIndex = 1; lastKnownFileType = text.xcconfig; name = "Pods-MobisFrontendTests.debug.xcconfig"; path = "Target Support Files/Pods-MobisFrontendTests/Pods-MobisFrontendTests.debug.xcconfig"; sourceTree = "<group>"; };
/* End PBXFileReference section */

/* Begin PBXFrameworksBuildPhase section */
		87533D322C027C2300363E60 /* Frameworks */ = {
			isa = PBXFrameworksBuildPhase;
			buildActionMask = 2147483647;
			files = (
				A63B005A7329C6AE78FD618B /* Pods_MobisFrontend.framework in Frameworks */,
			);
			runOnlyForDeploymentPostprocessing = 0;
		};
		87533D422C027C2600363E60 /* Frameworks */ = {
			isa = PBXFrameworksBuildPhase;
			buildActionMask = 2147483647;
			files = (
				C1520BA0F8047B5796A0A20F /* Pods_MobisFrontendTests.framework in Frameworks */,
			);
			runOnlyForDeploymentPostprocessing = 0;
		};
		87533D4C2C027C2600363E60 /* Frameworks */ = {
			isa = PBXFrameworksBuildPhase;
			buildActionMask = 2147483647;
			files = (
				8DC1431A3F03AB1A40635DD6 /* Pods_MobisFrontend_MobisFrontendUITests.framework in Frameworks */,
			);
			runOnlyForDeploymentPostprocessing = 0;
		};
/* End PBXFrameworksBuildPhase section */

/* Begin PBXGroup section */
		5B1AE47CD495BBB291F8A89D /* Pods */ = {
			isa = PBXGroup;
			children = (
				B9D7618B18F997C0CEE3BD65 /* Pods-MobisFrontend.debug.xcconfig */,
				A007692AE3F88DDD07AF1B13 /* Pods-MobisFrontend.release.xcconfig */,
				B8E30AA3DFE59D8DDA27FBC9 /* Pods-MobisFrontend-MobisFrontendUITests.debug.xcconfig */,
				BB966C6D51C7BFFBCAEA4FD2 /* Pods-MobisFrontend-MobisFrontendUITests.release.xcconfig */,
				FBCB45523B6032678151F30B /* Pods-MobisFrontendTests.debug.xcconfig */,
				91D2F94CADEF1DF0AE343CA1 /* Pods-MobisFrontendTests.release.xcconfig */,
			);
			name = Pods;
			path = Pods;
			sourceTree = "<group>";
		};
		87533D2C2C027C2300363E60 = {
			isa = PBXGroup;
			children = (
				87533D372C027C2300363E60 /* MobisFrontend */,
				87533D482C027C2600363E60 /* MobisFrontendTests */,
				87533D522C027C2600363E60 /* MobisFrontendUITests */,
				87533D362C027C2300363E60 /* Products */,
				5B1AE47CD495BBB291F8A89D /* Pods */,
				8AFB285FB3E8B2B59243138A /* Frameworks */,
			);
			sourceTree = "<group>";
		};
		87533D362C027C2300363E60 /* Products */ = {
			isa = PBXGroup;
			children = (
				87533D352C027C2300363E60 /* MobisFrontend.app */,
				87533D452C027C2600363E60 /* MobisFrontendTests.xctest */,
				87533D4F2C027C2600363E60 /* MobisFrontendUITests.xctest */,
			);
			name = Products;
			sourceTree = "<group>";
		};
		87533D372C027C2300363E60 /* MobisFrontend */ = {
			isa = PBXGroup;
			children = (
				87F1EABB2C02AE5000228378 /* MobisFrontend.entitlements */,
				87533D382C027C2300363E60 /* MobisFrontendApp.swift */,
				87533D3A2C027C2300363E60 /* ContentView.swift */,
				87533D3C2C027C2600363E60 /* Assets.xcassets */,
				87533D3E2C027C2600363E60 /* Preview Content */,
				8753A0832C02855700E143AF /* Leaderboard.swift */,
				8753A0852C0285A400E143AF /* SignUpPage.swift */,
				87F1EAAF2C02872200228378 /* Profile.swift */,
				87F1EAB12C02873B00228378 /* Feed.swift */,
				87F1EAB32C02877900228378 /* LogInPage.swift */,
				87F1EAB52C0287A900228378 /* Landing.swift */,
				87F1EAB72C02956900228378 /* HealthManager.swift */,
				87F1EAB92C029EA200228378 /* Settings.swift */,
				87F1EABC2C02B67200228378 /* BlockComponent.swift */,
				87F1EABE2C02B88400228378 /* BlockComponentWrapper.swift */,
			);
			path = MobisFrontend;
			sourceTree = "<group>";
		};
		87533D3E2C027C2600363E60 /* Preview Content */ = {
			isa = PBXGroup;
			children = (
				87533D3F2C027C2600363E60 /* Preview Assets.xcassets */,
			);
			path = "Preview Content";
			sourceTree = "<group>";
		};
		87533D482C027C2600363E60 /* MobisFrontendTests */ = {
			isa = PBXGroup;
			children = (
				87533D492C027C2600363E60 /* MobisFrontendTests.swift */,
			);
			path = MobisFrontendTests;
			sourceTree = "<group>";
		};
		87533D522C027C2600363E60 /* MobisFrontendUITests */ = {
			isa = PBXGroup;
			children = (
				87533D532C027C2600363E60 /* MobisFrontendUITests.swift */,
				87533D552C027C2600363E60 /* MobisFrontendUITestsLaunchTests.swift */,
			);
			path = MobisFrontendUITests;
			sourceTree = "<group>";
		};
		8AFB285FB3E8B2B59243138A /* Frameworks */ = {
			isa = PBXGroup;
			children = (
				AF319241BB036A0A4B1F4D8C /* Pods_MobisFrontend.framework */,
				B7E22392C8A5ABEA220498D2 /* Pods_MobisFrontend_MobisFrontendUITests.framework */,
				2548EC348AFC8B08DF34F68F /* Pods_MobisFrontendTests.framework */,
			);
			name = Frameworks;
			sourceTree = "<group>";
		};
/* End PBXGroup section */

/* Begin PBXNativeTarget section */
		87533D342C027C2300363E60 /* MobisFrontend */ = {
			isa = PBXNativeTarget;
			buildConfigurationList = 87533D592C027C2700363E60 /* Build configuration list for PBXNativeTarget "MobisFrontend" */;
			buildPhases = (
				F9652C000B50D792212031BF /* [CP] Check Pods Manifest.lock */,
				87533D312C027C2300363E60 /* Sources */,
				87533D322C027C2300363E60 /* Frameworks */,
				87533D332C027C2300363E60 /* Resources */,
			);
			buildRules = (
			);
			dependencies = (
			);
			name = MobisFrontend;
			productName = MobisFrontend;
			productReference = 87533D352C027C2300363E60 /* MobisFrontend.app */;
			productType = "com.apple.product-type.application";
		};
		87533D442C027C2600363E60 /* MobisFrontendTests */ = {
			isa = PBXNativeTarget;
			buildConfigurationList = 87533D5C2C027C2700363E60 /* Build configuration list for PBXNativeTarget "MobisFrontendTests" */;
			buildPhases = (
				205F6EDDC6028F0C8435B9DA /* [CP] Check Pods Manifest.lock */,
				87533D412C027C2600363E60 /* Sources */,
				87533D422C027C2600363E60 /* Frameworks */,
				87533D432C027C2600363E60 /* Resources */,
			);
			buildRules = (
			);
			dependencies = (
				87533D472C027C2600363E60 /* PBXTargetDependency */,
			);
			name = MobisFrontendTests;
			productName = MobisFrontendTests;
			productReference = 87533D452C027C2600363E60 /* MobisFrontendTests.xctest */;
			productType = "com.apple.product-type.bundle.unit-test";
		};
		87533D4E2C027C2600363E60 /* MobisFrontendUITests */ = {
			isa = PBXNativeTarget;
			buildConfigurationList = 87533D5F2C027C2700363E60 /* Build configuration list for PBXNativeTarget "MobisFrontendUITests" */;
			buildPhases = (
				4D8954D57365210CE016DCC0 /* [CP] Check Pods Manifest.lock */,
				87533D4B2C027C2600363E60 /* Sources */,
				87533D4C2C027C2600363E60 /* Frameworks */,
				87533D4D2C027C2600363E60 /* Resources */,
			);
			buildRules = (
			);
			dependencies = (
				87533D512C027C2600363E60 /* PBXTargetDependency */,
			);
			name = MobisFrontendUITests;
			productName = MobisFrontendUITests;
			productReference = 87533D4F2C027C2600363E60 /* MobisFrontendUITests.xctest */;
			productType = "com.apple.product-type.bundle.ui-testing";
		};
/* End PBXNativeTarget section */

/* Begin PBXProject section */
		87533D2D2C027C2300363E60 /* Project object */ = {
			isa = PBXProject;
			attributes = {
				BuildIndependentTargetsInParallel = 1;
				KnownAssetTags = (
					New,
				);
				LastSwiftUpdateCheck = 1540;
				LastUpgradeCheck = 1540;
				TargetAttributes = {
					87533D342C027C2300363E60 = {
						CreatedOnToolsVersion = 15.4;
					};
					87533D442C027C2600363E60 = {
						CreatedOnToolsVersion = 15.4;
						TestTargetID = 87533D342C027C2300363E60;
					};
					87533D4E2C027C2600363E60 = {
						CreatedOnToolsVersion = 15.4;
						TestTargetID = 87533D342C027C2300363E60;
					};
				};
			};
			buildConfigurationList = 87533D302C027C2300363E60 /* Build configuration list for PBXProject "MobisFrontend" */;
			compatibilityVersion = "Xcode 14.0";
			developmentRegion = en;
			hasScannedForEncodings = 0;
			knownRegions = (
				en,
				Base,
			);
			mainGroup = 87533D2C2C027C2300363E60;
			productRefGroup = 87533D362C027C2300363E60 /* Products */;
			projectDirPath = "";
			projectRoot = "";
			targets = (
				87533D342C027C2300363E60 /* MobisFrontend */,
				87533D442C027C2600363E60 /* MobisFrontendTests */,
				87533D4E2C027C2600363E60 /* MobisFrontendUITests */,
			);
		};
/* End PBXProject section */

/* Begin PBXResourcesBuildPhase section */
		87533D332C027C2300363E60 /* Resources */ = {
			isa = PBXResourcesBuildPhase;
			buildActionMask = 2147483647;
			files = (
				87533D402C027C2600363E60 /* Preview Assets.xcassets in Resources */,
				87533D3D2C027C2600363E60 /* Assets.xcassets in Resources */,
			);
			runOnlyForDeploymentPostprocessing = 0;
		};
		87533D432C027C2600363E60 /* Resources */ = {
			isa = PBXResourcesBuildPhase;
			buildActionMask = 2147483647;
			files = (
			);
			runOnlyForDeploymentPostprocessing = 0;
		};
		87533D4D2C027C2600363E60 /* Resources */ = {
			isa = PBXResourcesBuildPhase;
			buildActionMask = 2147483647;
			files = (
			);
			runOnlyForDeploymentPostprocessing = 0;
		};
/* End PBXResourcesBuildPhase section */

/* Begin PBXShellScriptBuildPhase section */
		205F6EDDC6028F0C8435B9DA /* [CP] Check Pods Manifest.lock */ = {
			isa = PBXShellScriptBuildPhase;
			buildActionMask = 2147483647;
			files = (
			);
			inputFileListPaths = (
			);
			inputPaths = (
				"${PODS_PODFILE_DIR_PATH}/Podfile.lock",
				"${PODS_ROOT}/Manifest.lock",
			);
			name = "[CP] Check Pods Manifest.lock";
			outputFileListPaths = (
			);
			outputPaths = (
				"$(DERIVED_FILE_DIR)/Pods-MobisFrontendTests-checkManifestLockResult.txt",
			);
			runOnlyForDeploymentPostprocessing = 0;
			shellPath = /bin/sh;
			shellScript = "diff \"${PODS_PODFILE_DIR_PATH}/Podfile.lock\" \"${PODS_ROOT}/Manifest.lock\" > /dev/null\nif [ $? != 0 ] ; then\n    # print error to STDERR\n    echo \"error: The sandbox is not in sync with the Podfile.lock. Run 'pod install' or update your CocoaPods installation.\" >&2\n    exit 1\nfi\n# This output is used by Xcode 'outputs' to avoid re-running this script phase.\necho \"SUCCESS\" > \"${SCRIPT_OUTPUT_FILE_0}\"\n";
			showEnvVarsInLog = 0;
		};
		4D8954D57365210CE016DCC0 /* [CP] Check Pods Manifest.lock */ = {
			isa = PBXShellScriptBuildPhase;
			buildActionMask = 2147483647;
			files = (
			);
			inputFileListPaths = (
			);
			inputPaths = (
				"${PODS_PODFILE_DIR_PATH}/Podfile.lock",
				"${PODS_ROOT}/Manifest.lock",
			);
			name = "[CP] Check Pods Manifest.lock";
			outputFileListPaths = (
			);
			outputPaths = (
				"$(DERIVED_FILE_DIR)/Pods-MobisFrontend-MobisFrontendUITests-checkManifestLockResult.txt",
			);
			runOnlyForDeploymentPostprocessing = 0;
			shellPath = /bin/sh;
			shellScript = "diff \"${PODS_PODFILE_DIR_PATH}/Podfile.lock\" \"${PODS_ROOT}/Manifest.lock\" > /dev/null\nif [ $? != 0 ] ; then\n    # print error to STDERR\n    echo \"error: The sandbox is not in sync with the Podfile.lock. Run 'pod install' or update your CocoaPods installation.\" >&2\n    exit 1\nfi\n# This output is used by Xcode 'outputs' to avoid re-running this script phase.\necho \"SUCCESS\" > \"${SCRIPT_OUTPUT_FILE_0}\"\n";
			showEnvVarsInLog = 0;
		};
		F9652C000B50D792212031BF /* [CP] Check Pods Manifest.lock */ = {
			isa = PBXShellScriptBuildPhase;
			buildActionMask = 2147483647;
			files = (
			);
			inputFileListPaths = (
			);
			inputPaths = (
				"${PODS_PODFILE_DIR_PATH}/Podfile.lock",
				"${PODS_ROOT}/Manifest.lock",
			);
			name = "[CP] Check Pods Manifest.lock";
			outputFileListPaths = (
			);
			outputPaths = (
				"$(DERIVED_FILE_DIR)/Pods-MobisFrontend-checkManifestLockResult.txt",
			);
			runOnlyForDeploymentPostprocessing = 0;
			shellPath = /bin/sh;
			shellScript = "diff \"${PODS_PODFILE_DIR_PATH}/Podfile.lock\" \"${PODS_ROOT}/Manifest.lock\" > /dev/null\nif [ $? != 0 ] ; then\n    # print error to STDERR\n    echo \"error: The sandbox is not in sync with the Podfile.lock. Run 'pod install' or update your CocoaPods installation.\" >&2\n    exit 1\nfi\n# This output is used by Xcode 'outputs' to avoid re-running this script phase.\necho \"SUCCESS\" > \"${SCRIPT_OUTPUT_FILE_0}\"\n";
			showEnvVarsInLog = 0;
		};
/* End PBXShellScriptBuildPhase section */

/* Begin PBXSourcesBuildPhase section */
		87533D312C027C2300363E60 /* Sources */ = {
			isa = PBXSourcesBuildPhase;
			buildActionMask = 2147483647;
			files = (
				87533D3B2C027C2300363E60 /* ContentView.swift in Sources */,
				87F1EABF2C02B88500228378 /* BlockComponentWrapper.swift in Sources */,
				87F1EAB82C02956900228378 /* HealthManager.swift in Sources */,
				87F1EAB22C02873B00228378 /* Feed.swift in Sources */,
				87F1EAB02C02872200228378 /* Profile.swift in Sources */,
				87F1EABD2C02B67200228378 /* BlockComponent.swift in Sources */,
				87F1EABA2C029EA200228378 /* Settings.swift in Sources */,
				8753A0842C02855700E143AF /* Leaderboard.swift in Sources */,
				87F1EAB42C02877900228378 /* LogInPage.swift in Sources */,
				87F1EAB62C0287A900228378 /* Landing.swift in Sources */,
				8753A0862C0285A400E143AF /* SignUpPage.swift in Sources */,
				87533D392C027C2300363E60 /* MobisFrontendApp.swift in Sources */,
			);
			runOnlyForDeploymentPostprocessing = 0;
		};
		87533D412C027C2600363E60 /* Sources */ = {
			isa = PBXSourcesBuildPhase;
			buildActionMask = 2147483647;
			files = (
				87533D4A2C027C2600363E60 /* MobisFrontendTests.swift in Sources */,
			);
			runOnlyForDeploymentPostprocessing = 0;
		};
		87533D4B2C027C2600363E60 /* Sources */ = {
			isa = PBXSourcesBuildPhase;
			buildActionMask = 2147483647;
			files = (
				87533D542C027C2600363E60 /* MobisFrontendUITests.swift in Sources */,
				87533D562C027C2600363E60 /* MobisFrontendUITestsLaunchTests.swift in Sources */,
			);
			runOnlyForDeploymentPostprocessing = 0;
		};
/* End PBXSourcesBuildPhase section */

/* Begin PBXTargetDependency section */
		87533D472C027C2600363E60 /* PBXTargetDependency */ = {
			isa = PBXTargetDependency;
			target = 87533D342C027C2300363E60 /* MobisFrontend */;
			targetProxy = 87533D462C027C2600363E60 /* PBXContainerItemProxy */;
		};
		87533D512C027C2600363E60 /* PBXTargetDependency */ = {
			isa = PBXTargetDependency;
			target = 87533D342C027C2300363E60 /* MobisFrontend */;
			targetProxy = 87533D502C027C2600363E60 /* PBXContainerItemProxy */;
		};
/* End PBXTargetDependency section */

/* Begin XCBuildConfiguration section */
		87533D572C027C2700363E60 /* Debug */ = {
			isa = XCBuildConfiguration;
			buildSettings = {
				ALWAYS_SEARCH_USER_PATHS = NO;
				ASSETCATALOG_COMPILER_GENERATE_SWIFT_ASSET_SYMBOL_EXTENSIONS = YES;
				CLANG_ANALYZER_NONNULL = YES;
				CLANG_ANALYZER_NUMBER_OBJECT_CONVERSION = YES_AGGRESSIVE;
				CLANG_CXX_LANGUAGE_STANDARD = "gnu++20";
				CLANG_ENABLE_MODULES = YES;
				CLANG_ENABLE_OBJC_ARC = YES;
				CLANG_ENABLE_OBJC_WEAK = YES;
				CLANG_WARN_BLOCK_CAPTURE_AUTORELEASING = YES;
				CLANG_WARN_BOOL_CONVERSION = YES;
				CLANG_WARN_COMMA = YES;
				CLANG_WARN_CONSTANT_CONVERSION = YES;
				CLANG_WARN_DEPRECATED_OBJC_IMPLEMENTATIONS = YES;
				CLANG_WARN_DIRECT_OBJC_ISA_USAGE = YES_ERROR;
				CLANG_WARN_DOCUMENTATION_COMMENTS = YES;
				CLANG_WARN_EMPTY_BODY = YES;
				CLANG_WARN_ENUM_CONVERSION = YES;
				CLANG_WARN_INFINITE_RECURSION = YES;
				CLANG_WARN_INT_CONVERSION = YES;
				CLANG_WARN_NON_LITERAL_NULL_CONVERSION = YES;
				CLANG_WARN_OBJC_IMPLICIT_RETAIN_SELF = YES;
				CLANG_WARN_OBJC_LITERAL_CONVERSION = YES;
				CLANG_WARN_OBJC_ROOT_CLASS = YES_ERROR;
				CLANG_WARN_QUOTED_INCLUDE_IN_FRAMEWORK_HEADER = YES;
				CLANG_WARN_RANGE_LOOP_ANALYSIS = YES;
				CLANG_WARN_STRICT_PROTOTYPES = YES;
				CLANG_WARN_SUSPICIOUS_MOVE = YES;
				CLANG_WARN_UNGUARDED_AVAILABILITY = YES_AGGRESSIVE;
				CLANG_WARN_UNREACHABLE_CODE = YES;
				CLANG_WARN__DUPLICATE_METHOD_MATCH = YES;
				COPY_PHASE_STRIP = NO;
				DEBUG_INFORMATION_FORMAT = dwarf;
				ENABLE_STRICT_OBJC_MSGSEND = YES;
				ENABLE_TESTABILITY = YES;
				ENABLE_USER_SCRIPT_SANDBOXING = YES;
				GCC_C_LANGUAGE_STANDARD = gnu17;
				GCC_DYNAMIC_NO_PIC = NO;
				GCC_NO_COMMON_BLOCKS = YES;
				GCC_OPTIMIZATION_LEVEL = 0;
				GCC_PREPROCESSOR_DEFINITIONS = (
					"DEBUG=1",
					"$(inherited)",
				);
				GCC_WARN_64_TO_32_BIT_CONVERSION = YES;
				GCC_WARN_ABOUT_RETURN_TYPE = YES_ERROR;
				GCC_WARN_UNDECLARED_SELECTOR = YES;
				GCC_WARN_UNINITIALIZED_AUTOS = YES_AGGRESSIVE;
				GCC_WARN_UNUSED_FUNCTION = YES;
				GCC_WARN_UNUSED_VARIABLE = YES;
				IPHONEOS_DEPLOYMENT_TARGET = 17.5;
				LOCALIZATION_PREFERS_STRING_CATALOGS = YES;
				MTL_ENABLE_DEBUG_INFO = INCLUDE_SOURCE;
				MTL_FAST_MATH = YES;
				ONLY_ACTIVE_ARCH = YES;
				SDKROOT = iphoneos;
				SWIFT_ACTIVE_COMPILATION_CONDITIONS = "DEBUG $(inherited)";
				SWIFT_OPTIMIZATION_LEVEL = "-Onone";
			};
			name = Debug;
		};
		87533D582C027C2700363E60 /* Release */ = {
			isa = XCBuildConfiguration;
			buildSettings = {
				ALWAYS_SEARCH_USER_PATHS = NO;
				ASSETCATALOG_COMPILER_GENERATE_SWIFT_ASSET_SYMBOL_EXTENSIONS = YES;
				CLANG_ANALYZER_NONNULL = YES;
				CLANG_ANALYZER_NUMBER_OBJECT_CONVERSION = YES_AGGRESSIVE;
				CLANG_CXX_LANGUAGE_STANDARD = "gnu++20";
				CLANG_ENABLE_MODULES = YES;
				CLANG_ENABLE_OBJC_ARC = YES;
				CLANG_ENABLE_OBJC_WEAK = YES;
				CLANG_WARN_BLOCK_CAPTURE_AUTORELEASING = YES;
				CLANG_WARN_BOOL_CONVERSION = YES;
				CLANG_WARN_COMMA = YES;
				CLANG_WARN_CONSTANT_CONVERSION = YES;
				CLANG_WARN_DEPRECATED_OBJC_IMPLEMENTATIONS = YES;
				CLANG_WARN_DIRECT_OBJC_ISA_USAGE = YES_ERROR;
				CLANG_WARN_DOCUMENTATION_COMMENTS = YES;
				CLANG_WARN_EMPTY_BODY = YES;
				CLANG_WARN_ENUM_CONVERSION = YES;
				CLANG_WARN_INFINITE_RECURSION = YES;
				CLANG_WARN_INT_CONVERSION = YES;
				CLANG_WARN_NON_LITERAL_NULL_CONVERSION = YES;
				CLANG_WARN_OBJC_IMPLICIT_RETAIN_SELF = YES;
				CLANG_WARN_OBJC_LITERAL_CONVERSION = YES;
				CLANG_WARN_OBJC_ROOT_CLASS = YES_ERROR;
				CLANG_WARN_QUOTED_INCLUDE_IN_FRAMEWORK_HEADER = YES;
				CLANG_WARN_RANGE_LOOP_ANALYSIS = YES;
				CLANG_WARN_STRICT_PROTOTYPES = YES;
				CLANG_WARN_SUSPICIOUS_MOVE = YES;
				CLANG_WARN_UNGUARDED_AVAILABILITY = YES_AGGRESSIVE;
				CLANG_WARN_UNREACHABLE_CODE = YES;
				CLANG_WARN__DUPLICATE_METHOD_MATCH = YES;
				COPY_PHASE_STRIP = NO;
				DEBUG_INFORMATION_FORMAT = "dwarf-with-dsym";
				ENABLE_NS_ASSERTIONS = NO;
				ENABLE_STRICT_OBJC_MSGSEND = YES;
				ENABLE_USER_SCRIPT_SANDBOXING = YES;
				GCC_C_LANGUAGE_STANDARD = gnu17;
				GCC_NO_COMMON_BLOCKS = YES;
				GCC_WARN_64_TO_32_BIT_CONVERSION = YES;
				GCC_WARN_ABOUT_RETURN_TYPE = YES_ERROR;
				GCC_WARN_UNDECLARED_SELECTOR = YES;
				GCC_WARN_UNINITIALIZED_AUTOS = YES_AGGRESSIVE;
				GCC_WARN_UNUSED_FUNCTION = YES;
				GCC_WARN_UNUSED_VARIABLE = YES;
				IPHONEOS_DEPLOYMENT_TARGET = 17.5;
				LOCALIZATION_PREFERS_STRING_CATALOGS = YES;
				MTL_ENABLE_DEBUG_INFO = NO;
				MTL_FAST_MATH = YES;
				SDKROOT = iphoneos;
				SWIFT_COMPILATION_MODE = wholemodule;
				VALIDATE_PRODUCT = YES;
			};
			name = Release;
		};
		87533D5A2C027C2700363E60 /* Debug */ = {
			isa = XCBuildConfiguration;
			baseConfigurationReference = B9D7618B18F997C0CEE3BD65 /* Pods-MobisFrontend.debug.xcconfig */;
			buildSettings = {
				ASSETCATALOG_COMPILER_APPICON_NAME = AppIcon;
				ASSETCATALOG_COMPILER_GLOBAL_ACCENT_COLOR_NAME = AccentColor;
				CODE_SIGN_ENTITLEMENTS = MobisFrontend/MobisFrontend.entitlements;
				CODE_SIGN_STYLE = Automatic;
				CURRENT_PROJECT_VERSION = 1;
				DEVELOPMENT_ASSET_PATHS = "\"MobisFrontend/Preview Content\"";
				DEVELOPMENT_TEAM = UR57CQHLAS;
				ENABLE_PREVIEWS = YES;
				GENERATE_INFOPLIST_FILE = YES;
				INFOPLIST_KEY_NSHealthShareUsageDescription = "Please allow access to health information for step tracking";
				INFOPLIST_KEY_UIApplicationSceneManifest_Generation = YES;
				INFOPLIST_KEY_UIApplicationSupportsIndirectInputEvents = YES;
				INFOPLIST_KEY_UILaunchScreen_Generation = YES;
				INFOPLIST_KEY_UISupportedInterfaceOrientations_iPad = "UIInterfaceOrientationPortrait UIInterfaceOrientationPortraitUpsideDown UIInterfaceOrientationLandscapeLeft UIInterfaceOrientationLandscapeRight";
				INFOPLIST_KEY_UISupportedInterfaceOrientations_iPhone = "UIInterfaceOrientationPortrait UIInterfaceOrientationLandscapeLeft UIInterfaceOrientationLandscapeRight";
				LD_RUNPATH_SEARCH_PATHS = (
					"$(inherited)",
					"@executable_path/Frameworks",
				);
				MARKETING_VERSION = 1.0;
				PRODUCT_BUNDLE_IDENTIFIER = com.Zora.MobisFrontend;
				PRODUCT_NAME = "$(TARGET_NAME)";
				SWIFT_EMIT_LOC_STRINGS = YES;
				SWIFT_VERSION = 5.0;
				TARGETED_DEVICE_FAMILY = "1,2";
			};
			name = Debug;
		};
		87533D5B2C027C2700363E60 /* Release */ = {
			isa = XCBuildConfiguration;
			baseConfigurationReference = A007692AE3F88DDD07AF1B13 /* Pods-MobisFrontend.release.xcconfig */;
			buildSettings = {
				ASSETCATALOG_COMPILER_APPICON_NAME = AppIcon;
				ASSETCATALOG_COMPILER_GLOBAL_ACCENT_COLOR_NAME = AccentColor;
				CODE_SIGN_ENTITLEMENTS = MobisFrontend/MobisFrontend.entitlements;
				CODE_SIGN_STYLE = Automatic;
				CURRENT_PROJECT_VERSION = 1;
				DEVELOPMENT_ASSET_PATHS = "\"MobisFrontend/Preview Content\"";
				DEVELOPMENT_TEAM = UR57CQHLAS;
				ENABLE_PREVIEWS = YES;
				GENERATE_INFOPLIST_FILE = YES;
				INFOPLIST_KEY_NSHealthShareUsageDescription = "Please allow access to health information for step tracking";
				INFOPLIST_KEY_UIApplicationSceneManifest_Generation = YES;
				INFOPLIST_KEY_UIApplicationSupportsIndirectInputEvents = YES;
				INFOPLIST_KEY_UILaunchScreen_Generation = YES;
				INFOPLIST_KEY_UISupportedInterfaceOrientations_iPad = "UIInterfaceOrientationPortrait UIInterfaceOrientationPortraitUpsideDown UIInterfaceOrientationLandscapeLeft UIInterfaceOrientationLandscapeRight";
				INFOPLIST_KEY_UISupportedInterfaceOrientations_iPhone = "UIInterfaceOrientationPortrait UIInterfaceOrientationLandscapeLeft UIInterfaceOrientationLandscapeRight";
				LD_RUNPATH_SEARCH_PATHS = (
					"$(inherited)",
					"@executable_path/Frameworks",
				);
				MARKETING_VERSION = 1.0;
				PRODUCT_BUNDLE_IDENTIFIER = com.Zora.MobisFrontend;
				PRODUCT_NAME = "$(TARGET_NAME)";
				SWIFT_EMIT_LOC_STRINGS = YES;
				SWIFT_VERSION = 5.0;
				TARGETED_DEVICE_FAMILY = "1,2";
			};
			name = Release;
		};
		87533D5D2C027C2700363E60 /* Debug */ = {
			isa = XCBuildConfiguration;
			baseConfigurationReference = FBCB45523B6032678151F30B /* Pods-MobisFrontendTests.debug.xcconfig */;
			buildSettings = {
				ALWAYS_EMBED_SWIFT_STANDARD_LIBRARIES = YES;
				BUNDLE_LOADER = "$(TEST_HOST)";
				CODE_SIGN_STYLE = Automatic;
				CURRENT_PROJECT_VERSION = 1;
				DEVELOPMENT_TEAM = UR57CQHLAS;
				GENERATE_INFOPLIST_FILE = YES;
				IPHONEOS_DEPLOYMENT_TARGET = 17.5;
				MARKETING_VERSION = 1.0;
				PRODUCT_BUNDLE_IDENTIFIER = com.Zora.MobisFrontendTests;
				PRODUCT_NAME = "$(TARGET_NAME)";
				SWIFT_EMIT_LOC_STRINGS = NO;
				SWIFT_VERSION = 5.0;
				TARGETED_DEVICE_FAMILY = "1,2";
				TEST_HOST = "$(BUILT_PRODUCTS_DIR)/MobisFrontend.app/$(BUNDLE_EXECUTABLE_FOLDER_PATH)/MobisFrontend";
			};
			name = Debug;
		};
		87533D5E2C027C2700363E60 /* Release */ = {
			isa = XCBuildConfiguration;
			baseConfigurationReference = 91D2F94CADEF1DF0AE343CA1 /* Pods-MobisFrontendTests.release.xcconfig */;
			buildSettings = {
				ALWAYS_EMBED_SWIFT_STANDARD_LIBRARIES = YES;
				BUNDLE_LOADER = "$(TEST_HOST)";
				CODE_SIGN_STYLE = Automatic;
				CURRENT_PROJECT_VERSION = 1;
				DEVELOPMENT_TEAM = UR57CQHLAS;
				GENERATE_INFOPLIST_FILE = YES;
				IPHONEOS_DEPLOYMENT_TARGET = 17.5;
				MARKETING_VERSION = 1.0;
				PRODUCT_BUNDLE_IDENTIFIER = com.Zora.MobisFrontendTests;
				PRODUCT_NAME = "$(TARGET_NAME)";
				SWIFT_EMIT_LOC_STRINGS = NO;
				SWIFT_VERSION = 5.0;
				TARGETED_DEVICE_FAMILY = "1,2";
				TEST_HOST = "$(BUILT_PRODUCTS_DIR)/MobisFrontend.app/$(BUNDLE_EXECUTABLE_FOLDER_PATH)/MobisFrontend";
			};
			name = Release;
		};
		87533D602C027C2700363E60 /* Debug */ = {
			isa = XCBuildConfiguration;
			baseConfigurationReference = B8E30AA3DFE59D8DDA27FBC9 /* Pods-MobisFrontend-MobisFrontendUITests.debug.xcconfig */;
			buildSettings = {
				ALWAYS_EMBED_SWIFT_STANDARD_LIBRARIES = YES;
				CODE_SIGN_STYLE = Automatic;
				CURRENT_PROJECT_VERSION = 1;
				DEVELOPMENT_TEAM = UR57CQHLAS;
				GENERATE_INFOPLIST_FILE = YES;
				MARKETING_VERSION = 1.0;
				PRODUCT_BUNDLE_IDENTIFIER = com.Zora.MobisFrontendUITests;
				PRODUCT_NAME = "$(TARGET_NAME)";
				SWIFT_EMIT_LOC_STRINGS = NO;
				SWIFT_VERSION = 5.0;
				TARGETED_DEVICE_FAMILY = "1,2";
				TEST_TARGET_NAME = MobisFrontend;
			};
			name = Debug;
		};
		87533D612C027C2700363E60 /* Release */ = {
			isa = XCBuildConfiguration;
			baseConfigurationReference = BB966C6D51C7BFFBCAEA4FD2 /* Pods-MobisFrontend-MobisFrontendUITests.release.xcconfig */;
			buildSettings = {
				ALWAYS_EMBED_SWIFT_STANDARD_LIBRARIES = YES;
				CODE_SIGN_STYLE = Automatic;
				CURRENT_PROJECT_VERSION = 1;
				DEVELOPMENT_TEAM = UR57CQHLAS;
				GENERATE_INFOPLIST_FILE = YES;
				MARKETING_VERSION = 1.0;
				PRODUCT_BUNDLE_IDENTIFIER = com.Zora.MobisFrontendUITests;
				PRODUCT_NAME = "$(TARGET_NAME)";
				SWIFT_EMIT_LOC_STRINGS = NO;
				SWIFT_VERSION = 5.0;
				TARGETED_DEVICE_FAMILY = "1,2";
				TEST_TARGET_NAME = MobisFrontend;
			};
			name = Release;
		};
/* End XCBuildConfiguration section */

/* Begin XCConfigurationList section */
		87533D302C027C2300363E60 /* Build configuration list for PBXProject "MobisFrontend" */ = {
			isa = XCConfigurationList;
			buildConfigurations = (
				87533D572C027C2700363E60 /* Debug */,
				87533D582C027C2700363E60 /* Release */,
			);
			defaultConfigurationIsVisible = 0;
			defaultConfigurationName = Release;
		};
		87533D592C027C2700363E60 /* Build configuration list for PBXNativeTarget "MobisFrontend" */ = {
			isa = XCConfigurationList;
			buildConfigurations = (
				87533D5A2C027C2700363E60 /* Debug */,
				87533D5B2C027C2700363E60 /* Release */,
			);
			defaultConfigurationIsVisible = 0;
			defaultConfigurationName = Release;
		};
		87533D5C2C027C2700363E60 /* Build configuration list for PBXNativeTarget "MobisFrontendTests" */ = {
			isa = XCConfigurationList;
			buildConfigurations = (
				87533D5D2C027C2700363E60 /* Debug */,
				87533D5E2C027C2700363E60 /* Release */,
			);
			defaultConfigurationIsVisible = 0;
			defaultConfigurationName = Release;
		};
		87533D5F2C027C2700363E60 /* Build configuration list for PBXNativeTarget "MobisFrontendUITests" */ = {
			isa = XCConfigurationList;
			buildConfigurations = (
				87533D602C027C2700363E60 /* Debug */,
				87533D612C027C2700363E60 /* Release */,
			);
			defaultConfigurationIsVisible = 0;
			defaultConfigurationName = Release;
		};
/* End XCConfigurationList section */
	};
	rootObject = 87533D2D2C027C2300363E60 /* Project object */;
}
